
Microsoft Visual Studio Solution File, Format Version 12.00
# Visual Studio 15
VisualStudioVersion = 15.0.28307.106
MinimumVisualStudioVersion = 10.0.40219.1
Project("{FAE04EC0-301F-11D3-BF4B-00C04F79EFBC}") = "DemoTest", "DemoTest\DemoTest.csproj", "{BB867DA4-E5BB-43DC-BD98-B9F16226C98E}"
EndProject
Project("{FAE04EC0-301F-11D3-BF4B-00C04F79EFBC}") = "EMR.Controls", "..\EMR.Controls\EMR.Controls.csproj", "{F82CA741-CEFC-43CA-939C-284007A43AC2}"
EndProject
Project("{FAE04EC0-301F-11D3-BF4B-00C04F79EFBC}") = "EMR.WtDesigner", "..\EMR.WtDesigner\EMR.WtDesigner.csproj", "{BD945C13-406A-47E6-9647-0C7A4130785F}"
EndProject
Global
	GlobalSection(SolutionConfigurationPlatforms) = preSolution
		Debug|Any CPU = Debug|Any CPU
		Release|Any CPU = Release|Any CPU
	EndGlobalSection
	GlobalSection(ProjectConfigurationPlatforms) = postSolution
		{BB867DA4-E5BB-43DC-BD98-B9F16226C98E}.Debug|Any CPU.ActiveCfg = Debug|Any CPU
		{BB867DA4-E5BB-43DC-BD98-B9F16226C98E}.Debug|Any CPU.Build.0 = Debug|Any CPU
		{BB867DA4-E5BB-43DC-BD98-B9F16226C98E}.Release|Any CPU.ActiveCfg = Release|Any CPU
		{BB867DA4-E5BB-43DC-BD98-B9F16226C98E}.Release|Any CPU.Build.0 = Release|Any CPU
		{F82CA741-CEFC-43CA-939C-284007A43AC2}.Debug|Any CPU.ActiveCfg = Debug|Any CPU
		{F82CA741-CEFC-43CA-939C-284007A43AC2}.Debug|Any CPU.Build.0 = Debug|Any CPU
		{F82CA741-CEFC-43CA-939C-284007A43AC2}.Release|Any CPU.ActiveCfg = Release|Any CPU
		{F82CA741-CEFC-43CA-939C-284007A43AC2}.Release|Any CPU.Build.0 = Release|Any CPU
		{BD945C13-406A-47E6-9647-0C7A4130785F}.Debug|Any CPU.ActiveCfg = Debug|Any CPU
		{BD945C13-406A-47E6-9647-0C7A4130785F}.Debug|Any CPU.Build.0 = Debug|Any CPU
		{BD945C13-406A-47E6-9647-0C7A4130785F}.Release|Any CPU.ActiveCfg = Release|Any CPU
		{BD945C13-406A-47E6-9647-0C7A4130785F}.Release|Any CPU.Build.0 = Release|Any CPU
	EndGlobalSection
	GlobalSection(SolutionProperties) = preSolution
		HideSolutionNode = FALSE
	EndGlobalSection
	GlobalSection(ExtensibilityGlobals) = postSolution
		SolutionGuid = {68FF1E6D-C4BA-43AE-A912-02D1EA093B64}
	EndGlobalSection
EndGlobal
