
Microsoft Visual Studio Solution File, Format Version 12.00
# Visual Studio 2012
Project("{FAE04EC0-301F-11D3-BF4B-00C04F79EFBC}") = "BFCRM", "ChangYi\BFCRM.csproj", "{2D9F9577-E4A6-4D2D-89F2-A90ABA2880C9}"
	ProjectSection(ProjectDependencies) = postProject
		{8E818CD6-801A-4DF4-8A60-F80BE85E16BA} = {8E818CD6-801A-4DF4-8A60-F80BE85E16BA}
	EndProjectSection
EndProject
Project("{FAE04EC0-301F-11D3-BF4B-00C04F79EFBC}") = "BFCRMProc", "ChangYiProc\BFCRMProc.csproj", "{8E818CD6-801A-4DF4-8A60-F80BE85E16BA}"
EndProject
Global
	GlobalSection(TeamFoundationVersionControl) = preSolution
		SccNumberOfProjects = 3
		SccEnterpriseProvider = {4CA58AB2-18FA-4F8D-95D4-32DDF27D184C}
		SccTeamFoundationServer = http://124.193.186.226:8816/tfs/defaultcollection
		SccLocalPath0 = .
		SccProjectUniqueName1 = ChangYi\\BFCRM.csproj
		SccProjectName1 = ChangYi
		SccLocalPath1 = ChangYi
		SccProjectUniqueName2 = ChangYiProc\\BFCRMProc.csproj
		SccProjectName2 = ChangYiProc
		SccLocalPath2 = ChangYiProc
	EndGlobalSection
	GlobalSection(SolutionConfigurationPlatforms) = preSolution
		Debug|Any CPU = Debug|Any CPU
		Release|Any CPU = Release|Any CPU
	EndGlobalSection
	GlobalSection(ProjectConfigurationPlatforms) = postSolution
		{2D9F9577-E4A6-4D2D-89F2-A90ABA2880C9}.Debug|Any CPU.ActiveCfg = Debug|Any CPU
		{2D9F9577-E4A6-4D2D-89F2-A90ABA2880C9}.Debug|Any CPU.Build.0 = Debug|Any CPU
		{2D9F9577-E4A6-4D2D-89F2-A90ABA2880C9}.Release|Any CPU.ActiveCfg = Release|Any CPU
		{2D9F9577-E4A6-4D2D-89F2-A90ABA2880C9}.Release|Any CPU.Build.0 = Release|Any CPU
		{8E818CD6-801A-4DF4-8A60-F80BE85E16BA}.Debug|Any CPU.ActiveCfg = Debug|Any CPU
		{8E818CD6-801A-4DF4-8A60-F80BE85E16BA}.Debug|Any CPU.Build.0 = Debug|Any CPU
		{8E818CD6-801A-4DF4-8A60-F80BE85E16BA}.Release|Any CPU.ActiveCfg = Release|Any CPU
		{8E818CD6-801A-4DF4-8A60-F80BE85E16BA}.Release|Any CPU.Build.0 = Release|Any CPU
	EndGlobalSection
	GlobalSection(SolutionProperties) = preSolution
		HideSolutionNode = FALSE
	EndGlobalSection
EndGlobal
