
Microsoft Visual Studio Solution File, Format Version 12.00
# Visual Studio 15
VisualStudioVersion = 15.0.28010.2046
MinimumVisualStudioVersion = 10.0.40219.1
Project("{FAE04EC0-301F-11D3-BF4B-00C04F79EFBC}") = "OraSP", "OraSP\OraSP.csproj", "{04B57D87-89DF-4B71-809F-ABE0262EC85E}"
EndProject
Global
	GlobalSection(SolutionConfigurationPlatforms) = preSolution
		Debug|Any CPU = Debug|Any CPU
		Release|Any CPU = Release|Any CPU
	EndGlobalSection
	GlobalSection(ProjectConfigurationPlatforms) = postSolution
		{04B57D87-89DF-4B71-809F-ABE0262EC85E}.Debug|Any CPU.ActiveCfg = Debug|Any CPU
		{04B57D87-89DF-4B71-809F-ABE0262EC85E}.Debug|Any CPU.Build.0 = Debug|Any CPU
		{04B57D87-89DF-4B71-809F-ABE0262EC85E}.Release|Any CPU.ActiveCfg = Release|Any CPU
		{04B57D87-89DF-4B71-809F-ABE0262EC85E}.Release|Any CPU.Build.0 = Release|Any CPU
	EndGlobalSection
	GlobalSection(SolutionProperties) = preSolution
		HideSolutionNode = FALSE
	EndGlobalSection
	GlobalSection(ExtensibilityGlobals) = postSolution
		SolutionGuid = {4F43E852-890F-42F2-B4E7-92A033E6DBE0}
	EndGlobalSection
EndGlobal
