
Microsoft Visual Studio Solution File, Format Version 12.00
# Visual Studio 15
VisualStudioVersion = 15.0.28010.2046
MinimumVisualStudioVersion = 10.0.40219.1
Project("{FAE04EC0-301F-11D3-BF4B-00C04F79EFBC}") = "TestSVG", "TestSVG\TestSVG.csproj", "{B71B265C-0DB3-4150-9E6B-8CECFD7C6168}"
EndProject
Global
	GlobalSection(SolutionConfigurationPlatforms) = preSolution
		Debug|Any CPU = Debug|Any CPU
		Release|Any CPU = Release|Any CPU
	EndGlobalSection
	GlobalSection(ProjectConfigurationPlatforms) = postSolution
		{B71B265C-0DB3-4150-9E6B-8CECFD7C6168}.Debug|Any CPU.ActiveCfg = Debug|Any CPU
		{B71B265C-0DB3-4150-9E6B-8CECFD7C6168}.Debug|Any CPU.Build.0 = Debug|Any CPU
		{B71B265C-0DB3-4150-9E6B-8CECFD7C6168}.Release|Any CPU.ActiveCfg = Release|Any CPU
		{B71B265C-0DB3-4150-9E6B-8CECFD7C6168}.Release|Any CPU.Build.0 = Release|Any CPU
	EndGlobalSection
	GlobalSection(SolutionProperties) = preSolution
		HideSolutionNode = FALSE
	EndGlobalSection
	GlobalSection(ExtensibilityGlobals) = postSolution
		SolutionGuid = {9C7F2321-48EB-4F3D-A73B-870E6F5C4BA2}
	EndGlobalSection
EndGlobal
