
Microsoft Visual Studio Solution File, Format Version 12.00
# Visual Studio 15
VisualStudioVersion = 15.0.28010.2046
MinimumVisualStudioVersion = 10.0.40219.1
Project("{FAE04EC0-301F-11D3-BF4B-00C04F79EFBC}") = "TransData3", "TransData3\TransData3.csproj", "{4B864E33-0012-4226-AA42-12F825429A05}"
	ProjectSection(ProjectDependencies) = postProject
		{CE226973-81E1-4E52-8AFF-6B3AD7B5FA08} = {CE226973-81E1-4E52-8AFF-6B3AD7B5FA08}
	EndProjectSection
EndProject
Project("{FAE04EC0-301F-11D3-BF4B-00C04F79EFBC}") = "TransDataReciever", "TransDataReciever\TransDataReciever.csproj", "{29095E3A-7FF4-4A0C-A9A8-8FC335F33CA9}"
	ProjectSection(ProjectDependencies) = postProject
		{CE226973-81E1-4E52-8AFF-6B3AD7B5FA08} = {CE226973-81E1-4E52-8AFF-6B3AD7B5FA08}
	EndProjectSection
EndProject
Project("{FAE04EC0-301F-11D3-BF4B-00C04F79EFBC}") = "RQuery", "RQuery\RQuery.csproj", "{CE226973-81E1-4E52-8AFF-6B3AD7B5FA08}"
EndProject
Global
	GlobalSection(SolutionConfigurationPlatforms) = preSolution
		Debug|Any CPU = Debug|Any CPU
		Release|Any CPU = Release|Any CPU
	EndGlobalSection
	GlobalSection(ProjectConfigurationPlatforms) = postSolution
		{4B864E33-0012-4226-AA42-12F825429A05}.Debug|Any CPU.ActiveCfg = Debug|Any CPU
		{4B864E33-0012-4226-AA42-12F825429A05}.Debug|Any CPU.Build.0 = Debug|Any CPU
		{4B864E33-0012-4226-AA42-12F825429A05}.Release|Any CPU.ActiveCfg = Release|Any CPU
		{4B864E33-0012-4226-AA42-12F825429A05}.Release|Any CPU.Build.0 = Release|Any CPU
		{29095E3A-7FF4-4A0C-A9A8-8FC335F33CA9}.Debug|Any CPU.ActiveCfg = Debug|Any CPU
		{29095E3A-7FF4-4A0C-A9A8-8FC335F33CA9}.Debug|Any CPU.Build.0 = Debug|Any CPU
		{29095E3A-7FF4-4A0C-A9A8-8FC335F33CA9}.Release|Any CPU.ActiveCfg = Release|Any CPU
		{29095E3A-7FF4-4A0C-A9A8-8FC335F33CA9}.Release|Any CPU.Build.0 = Release|Any CPU
		{CE226973-81E1-4E52-8AFF-6B3AD7B5FA08}.Debug|Any CPU.ActiveCfg = Debug|Any CPU
		{CE226973-81E1-4E52-8AFF-6B3AD7B5FA08}.Debug|Any CPU.Build.0 = Debug|Any CPU
		{CE226973-81E1-4E52-8AFF-6B3AD7B5FA08}.Release|Any CPU.ActiveCfg = Release|Any CPU
		{CE226973-81E1-4E52-8AFF-6B3AD7B5FA08}.Release|Any CPU.Build.0 = Release|Any CPU
	EndGlobalSection
	GlobalSection(SolutionProperties) = preSolution
		HideSolutionNode = FALSE
	EndGlobalSection
	GlobalSection(ExtensibilityGlobals) = postSolution
		SolutionGuid = {6E9EB45B-37B9-4169-8E80-DAEB23B0E320}
	EndGlobalSection
EndGlobal
